
Microsoft Visual Studio Solution File, Format Version 12.00
# Visual Studio Version 17
VisualStudioVersion = 17.0.31903.59
MinimumVisualStudioVersion = 10.0.40219.1
Project("{2150E333-8FDC-42A3-9474-1A3956D46DE8}") = "tests", "tests", "{0AB3BF05-4346-4AA6-1389-037BE0695223}"
EndProject
Project("{FAE04EC0-301F-11D3-BF4B-00C04F79EFBC}") = "TransactionAggregation.Tests", "tests\TransactionAggregation.Tests\TransactionAggregation.Tests.csproj", "{982BAA2F-6BEE-4A63-AD5C-513BB48D3CAB}"
EndProject
Project("{FAE04EC0-301F-11D3-BF4B-00C04F79EFBC}") = "TransactionAggregation.API", "src\TransactionAggregation.Api\TransactionAggregation.API.csproj", "{26F5A0DC-B68C-4CF0-A640-54E2A0083256}"
EndProject
Global
	GlobalSection(SolutionConfigurationPlatforms) = preSolution
		Debug|Any CPU = Debug|Any CPU
		Debug|x64 = Debug|x64
		Debug|x86 = Debug|x86
		Release|Any CPU = Release|Any CPU
		Release|x64 = Release|x64
		Release|x86 = Release|x86
	EndGlobalSection
	GlobalSection(ProjectConfigurationPlatforms) = postSolution
		{982BAA2F-6BEE-4A63-AD5C-513BB48D3CAB}.Debug|Any CPU.ActiveCfg = Debug|Any CPU
		{982BAA2F-6BEE-4A63-AD5C-513BB48D3CAB}.Debug|Any CPU.Build.0 = Debug|Any CPU
		{982BAA2F-6BEE-4A63-AD5C-513BB48D3CAB}.Debug|x64.ActiveCfg = Debug|Any CPU
		{982BAA2F-6BEE-4A63-AD5C-513BB48D3CAB}.Debug|x64.Build.0 = Debug|Any CPU
		{982BAA2F-6BEE-4A63-AD5C-513BB48D3CAB}.Debug|x86.ActiveCfg = Debug|Any CPU
		{982BAA2F-6BEE-4A63-AD5C-513BB48D3CAB}.Debug|x86.Build.0 = Debug|Any CPU
		{982BAA2F-6BEE-4A63-AD5C-513BB48D3CAB}.Release|Any CPU.ActiveCfg = Release|Any CPU
		{982BAA2F-6BEE-4A63-AD5C-513BB48D3CAB}.Release|Any CPU.Build.0 = Release|Any CPU
		{982BAA2F-6BEE-4A63-AD5C-513BB48D3CAB}.Release|x64.ActiveCfg = Release|Any CPU
		{982BAA2F-6BEE-4A63-AD5C-513BB48D3CAB}.Release|x64.Build.0 = Release|Any CPU
		{982BAA2F-6BEE-4A63-AD5C-513BB48D3CAB}.Release|x86.ActiveCfg = Release|Any CPU
		{982BAA2F-6BEE-4A63-AD5C-513BB48D3CAB}.Release|x86.Build.0 = Release|Any CPU
		{26F5A0DC-B68C-4CF0-A640-54E2A0083256}.Debug|Any CPU.ActiveCfg = Debug|Any CPU
		{26F5A0DC-B68C-4CF0-A640-54E2A0083256}.Debug|Any CPU.Build.0 = Debug|Any CPU
		{26F5A0DC-B68C-4CF0-A640-54E2A0083256}.Debug|x64.ActiveCfg = Debug|Any CPU
		{26F5A0DC-B68C-4CF0-A640-54E2A0083256}.Debug|x64.Build.0 = Debug|Any CPU
		{26F5A0DC-B68C-4CF0-A640-54E2A0083256}.Debug|x86.ActiveCfg = Debug|Any CPU
		{26F5A0DC-B68C-4CF0-A640-54E2A0083256}.Debug|x86.Build.0 = Debug|Any CPU
		{26F5A0DC-B68C-4CF0-A640-54E2A0083256}.Release|Any CPU.ActiveCfg = Release|Any CPU
		{26F5A0DC-B68C-4CF0-A640-54E2A0083256}.Release|Any CPU.Build.0 = Release|Any CPU
		{26F5A0DC-B68C-4CF0-A640-54E2A0083256}.Release|x64.ActiveCfg = Release|Any CPU
		{26F5A0DC-B68C-4CF0-A640-54E2A0083256}.Release|x64.Build.0 = Release|Any CPU
		{26F5A0DC-B68C-4CF0-A640-54E2A0083256}.Release|x86.ActiveCfg = Release|Any CPU
		{26F5A0DC-B68C-4CF0-A640-54E2A0083256}.Release|x86.Build.0 = Release|Any CPU
	EndGlobalSection
	GlobalSection(SolutionProperties) = preSolution
		HideSolutionNode = FALSE
	EndGlobalSection
	GlobalSection(NestedProjects) = preSolution
		{982BAA2F-6BEE-4A63-AD5C-513BB48D3CAB} = {0AB3BF05-4346-4AA6-1389-037BE0695223}
		{26F5A0DC-B68C-4CF0-A640-54E2A0083256} = {0AB3BF05-4346-4AA6-1389-037BE0695223}
	EndGlobalSection
EndGlobal
